{
  "pins" : [
    {
      "identity" : "hmsegmentedcontrol",
      "kind" : "remoteSourceControl",
      "location" : "https://github.com/HeshamMegid/HMSegmentedControl.git",
      "state" : {
        "branch" : "master",
        "revision" : "a2852bd7fe75e0e40d832873ceb0f0a4ec1b8350"
      }
    }
  ],
  "version" : 2
}
